
Microsoft Visual Studio Solution File, Format Version 12.00
# Visual Studio 15
VisualStudioVersion = 15.0.27004.2009
MinimumVisualStudioVersion = 10.0.40219.1
Project("{FAE04EC0-301F-11D3-BF4B-00C04F79EFBC}") = "MongoDB", "MongoDB\MongoDB.csproj", "{6C5FEBF3-E396-4B09-8ED5-ECA8D7992B18}"
EndProject
Global
	GlobalSection(SolutionConfigurationPlatforms) = preSolution
		Debug|Any CPU = Debug|Any CPU
		Release|Any CPU = Release|Any CPU
	EndGlobalSection
	GlobalSection(ProjectConfigurationPlatforms) = postSolution
		{6C5FEBF3-E396-4B09-8ED5-ECA8D7992B18}.Debug|Any CPU.ActiveCfg = Debug|Any CPU
		{6C5FEBF3-E396-4B09-8ED5-ECA8D7992B18}.Debug|Any CPU.Build.0 = Debug|Any CPU
		{6C5FEBF3-E396-4B09-8ED5-ECA8D7992B18}.Release|Any CPU.ActiveCfg = Release|Any CPU
		{6C5FEBF3-E396-4B09-8ED5-ECA8D7992B18}.Release|Any CPU.Build.0 = Release|Any CPU
	EndGlobalSection
	GlobalSection(SolutionProperties) = preSolution
		HideSolutionNode = FALSE
	EndGlobalSection
	GlobalSection(ExtensibilityGlobals) = postSolution
		SolutionGuid = {28C20A31-5D25-4447-A98C-A3008F04BF4F}
	EndGlobalSection
EndGlobal
